// !$*UTF8*$!
{
	archiveVersion = 1;
	classes = {
	};
	objectVersion = 50;
	objects = {

/* Begin PBXBuildFile section */
		4F12083E25109C7E00AD1B34 /* AppDelegate.swift in Sources */ = {isa = PBXBuildFile; fileRef = 4F12083D25109C7E00AD1B34 /* AppDelegate.swift */; };
		4F12084025109C7E00AD1B34 /* SceneDelegate.swift in Sources */ = {isa = PBXBuildFile; fileRef = 4F12083F25109C7E00AD1B34 /* SceneDelegate.swift */; };
		4F12084225109C7E00AD1B34 /* ViewController.swift in Sources */ = {isa = PBXBuildFile; fileRef = 4F12084125109C7E00AD1B34 /* ViewController.swift */; };
		4F12084525109C7E00AD1B34 /* Main.storyboard in Resources */ = {isa = PBXBuildFile; fileRef = 4F12084325109C7E00AD1B34 /* Main.storyboard */; };
		4F12084725109C8200AD1B34 /* Assets.xcassets in Resources */ = {isa = PBXBuildFile; fileRef = 4F12084625109C8200AD1B34 /* Assets.xcassets */; };
		4F12084A25109C8200AD1B34 /* LaunchScreen.storyboard in Resources */ = {isa = PBXBuildFile; fileRef = 4F12084825109C8200AD1B34 /* LaunchScreen.storyboard */; };
		4F12085525109C8300AD1B34 /* level2Tests.swift in Sources */ = {isa = PBXBuildFile; fileRef = 4F12085425109C8300AD1B34 /* level2Tests.swift */; };
		4F12086025109C8300AD1B34 /* level2UITests.swift in Sources */ = {isa = PBXBuildFile; fileRef = 4F12085F25109C8300AD1B34 /* level2UITests.swift */; };
		4FE26650251253AD00E16D42 /* second.storyboard in Resources */ = {isa = PBXBuildFile; fileRef = 4FE2664F251253AD00E16D42 /* second.storyboard */; };
/* End PBXBuildFile section */

/* Begin PBXContainerItemProxy section */
		4F12085125109C8300AD1B34 /* PBXContainerItemProxy */ = {
			isa = PBXContainerItemProxy;
			containerPortal = 4F12083225109C7E00AD1B34 /* Project object */;
			proxyType = 1;
			remoteGlobalIDString = 4F12083925109C7E00AD1B34;
			remoteInfo = level2;
		};
		4F12085C25109C8300AD1B34 /* PBXContainerItemProxy */ = {
			isa = PBXContainerItemProxy;
			containerPortal = 4F12083225109C7E00AD1B34 /* Project object */;
			proxyType = 1;
			remoteGlobalIDString = 4F12083925109C7E00AD1B34;
			remoteInfo = level2;
		};
/* End PBXContainerItemProxy section */

/* Begin PBXFileReference section */
		4F12083A25109C7E00AD1B34 /* AppleCalculator.app */ = {isa = PBXFileReference; explicitFileType = wrapper.application; includeInIndex = 0; path = AppleCalculator.app; sourceTree = BUILT_PRODUCTS_DIR; };
		4F12083D25109C7E00AD1B34 /* AppDelegate.swift */ = {isa = PBXFileReference; lastKnownFileType = sourcecode.swift; path = AppDelegate.swift; sourceTree = "<group>"; };
		4F12083F25109C7E00AD1B34 /* SceneDelegate.swift */ = {isa = PBXFileReference; lastKnownFileType = sourcecode.swift; path = SceneDelegate.swift; sourceTree = "<group>"; };
		4F12084125109C7E00AD1B34 /* ViewController.swift */ = {isa = PBXFileReference; lastKnownFileType = sourcecode.swift; path = ViewController.swift; sourceTree = "<group>"; };
		4F12084425109C7E00AD1B34 /* Base */ = {isa = PBXFileReference; lastKnownFileType = file.storyboard; name = Base; path = Base.lproj/Main.storyboard; sourceTree = "<group>"; };
		4F12084625109C8200AD1B34 /* Assets.xcassets */ = {isa = PBXFileReference; lastKnownFileType = folder.assetcatalog; path = Assets.xcassets; sourceTree = "<group>"; };
		4F12084925109C8200AD1B34 /* Base */ = {isa = PBXFileReference; lastKnownFileType = file.storyboard; name = Base; path = Base.lproj/LaunchScreen.storyboard; sourceTree = "<group>"; };
		4F12084B25109C8200AD1B34 /* Info.plist */ = {isa = PBXFileReference; lastKnownFileType = text.plist.xml; path = Info.plist; sourceTree = "<group>"; };
		4F12085025109C8300AD1B34 /* AppleCalculatorTests.xctest */ = {isa = PBXFileReference; explicitFileType = wrapper.cfbundle; includeInIndex = 0; path = AppleCalculatorTests.xctest; sourceTree = BUILT_PRODUCTS_DIR; };
		4F12085425109C8300AD1B34 /* level2Tests.swift */ = {isa = PBXFileReference; lastKnownFileType = sourcecode.swift; path = level2Tests.swift; sourceTree = "<group>"; };
		4F12085625109C8300AD1B34 /* Info.plist */ = {isa = PBXFileReference; lastKnownFileType = text.plist.xml; path = Info.plist; sourceTree = "<group>"; };
		4F12085B25109C8300AD1B34 /* AppleCalculatorUITests.xctest */ = {isa = PBXFileReference; explicitFileType = wrapper.cfbundle; includeInIndex = 0; path = AppleCalculatorUITests.xctest; sourceTree = BUILT_PRODUCTS_DIR; };
		4F12085F25109C8300AD1B34 /* level2UITests.swift */ = {isa = PBXFileReference; lastKnownFileType = sourcecode.swift; path = level2UITests.swift; sourceTree = "<group>"; };
		4F12086125109C8300AD1B34 /* Info.plist */ = {isa = PBXFileReference; lastKnownFileType = text.plist.xml; path = Info.plist; sourceTree = "<group>"; };
		4FE2664F251253AD00E16D42 /* second.storyboard */ = {isa = PBXFileReference; lastKnownFileType = file.storyboard; path = second.storyboard; sourceTree = "<group>"; };
/* End PBXFileReference section */

/* Begin PBXFrameworksBuildPhase section */
		4F12083725109C7E00AD1B34 /* Frameworks */ = {
			isa = PBXFrameworksBuildPhase;
			buildActionMask = 2147483647;
			files = (
			);
			runOnlyForDeploymentPostprocessing = 0;
		};
		4F12084D25109C8300AD1B34 /* Frameworks */ = {
			isa = PBXFrameworksBuildPhase;
			buildActionMask = 2147483647;
			files = (
			);
			runOnlyForDeploymentPostprocessing = 0;
		};
		4F12085825109C8300AD1B34 /* Frameworks */ = {
			isa = PBXFrameworksBuildPhase;
			buildActionMask = 2147483647;
			files = (
			);
			runOnlyForDeploymentPostprocessing = 0;
		};
/* End PBXFrameworksBuildPhase section */

/* Begin PBXGroup section */
		4F12083125109C7E00AD1B34 = {
			isa = PBXGroup;
			children = (
				4F12083C25109C7E00AD1B34 /* level2 */,
				4F12085325109C8300AD1B34 /* level2Tests */,
				4F12085E25109C8300AD1B34 /* level2UITests */,
				4F12083B25109C7E00AD1B34 /* Products */,
			);
			sourceTree = "<group>";
		};
		4F12083B25109C7E00AD1B34 /* Products */ = {
			isa = PBXGroup;
			children = (
				4F12083A25109C7E00AD1B34 /* AppleCalculator.app */,
				4F12085025109C8300AD1B34 /* AppleCalculatorTests.xctest */,
				4F12085B25109C8300AD1B34 /* AppleCalculatorUITests.xctest */,
			);
			name = Products;
			sourceTree = "<group>";
		};
		4F12083C25109C7E00AD1B34 /* level2 */ = {
			isa = PBXGroup;
			children = (
				4FE266542513A49100E16D42 /* View */,
				4FE266532513A48700E16D42 /* Model */,
				4FE266522513A47400E16D42 /* Controller */,
				4FE266512513A45C00E16D42 /* Delegates */,
				4F12084625109C8200AD1B34 /* Assets.xcassets */,
				4F12084B25109C8200AD1B34 /* Info.plist */,
				4FE2664F251253AD00E16D42 /* second.storyboard */,
			);
			path = level2;
			sourceTree = "<group>";
		};
		4F12085325109C8300AD1B34 /* level2Tests */ = {
			isa = PBXGroup;
			children = (
				4F12085425109C8300AD1B34 /* level2Tests.swift */,
				4F12085625109C8300AD1B34 /* Info.plist */,
			);
			path = level2Tests;
			sourceTree = "<group>";
		};
		4F12085E25109C8300AD1B34 /* level2UITests */ = {
			isa = PBXGroup;
			children = (
				4F12085F25109C8300AD1B34 /* level2UITests.swift */,
				4F12086125109C8300AD1B34 /* Info.plist */,
			);
			path = level2UITests;
			sourceTree = "<group>";
		};
		4FE266512513A45C00E16D42 /* Delegates */ = {
			isa = PBXGroup;
			children = (
				4F12083D25109C7E00AD1B34 /* AppDelegate.swift */,
				4F12083F25109C7E00AD1B34 /* SceneDelegate.swift */,
			);
			path = Delegates;
			sourceTree = "<group>";
		};
		4FE266522513A47400E16D42 /* Controller */ = {
			isa = PBXGroup;
			children = (
				4F12084125109C7E00AD1B34 /* ViewController.swift */,
			);
			path = Controller;
			sourceTree = "<group>";
		};
		4FE266532513A48700E16D42 /* Model */ = {
			isa = PBXGroup;
			children = (
			);
			path = Model;
			sourceTree = "<group>";
		};
		4FE266542513A49100E16D42 /* View */ = {
			isa = PBXGroup;
			children = (
				4F12084325109C7E00AD1B34 /* Main.storyboard */,
				4F12084825109C8200AD1B34 /* LaunchScreen.storyboard */,
			);
			path = View;
			sourceTree = "<group>";
		};
/* End PBXGroup section */

/* Begin PBXNativeTarget section */
		4F12083925109C7E00AD1B34 /* AppleCalculator */ = {
			isa = PBXNativeTarget;
			buildConfigurationList = 4F12086425109C8300AD1B34 /* Build configuration list for PBXNativeTarget "AppleCalculator" */;
			buildPhases = (
				4F12083625109C7E00AD1B34 /* Sources */,
				4F12083725109C7E00AD1B34 /* Frameworks */,
				4F12083825109C7E00AD1B34 /* Resources */,
			);
			buildRules = (
			);
			dependencies = (
			);
			name = AppleCalculator;
			productName = level2;
			productReference = 4F12083A25109C7E00AD1B34 /* AppleCalculator.app */;
			productType = "com.apple.product-type.application";
		};
		4F12084F25109C8300AD1B34 /* AppleCalculatorTests */ = {
			isa = PBXNativeTarget;
			buildConfigurationList = 4F12086725109C8300AD1B34 /* Build configuration list for PBXNativeTarget "AppleCalculatorTests" */;
			buildPhases = (
				4F12084C25109C8300AD1B34 /* Sources */,
				4F12084D25109C8300AD1B34 /* Frameworks */,
				4F12084E25109C8300AD1B34 /* Resources */,
			);
			buildRules = (
			);
			dependencies = (
				4F12085225109C8300AD1B34 /* PBXTargetDependency */,
			);
			name = AppleCalculatorTests;
			productName = level2Tests;
			productReference = 4F12085025109C8300AD1B34 /* AppleCalculatorTests.xctest */;
			productType = "com.apple.product-type.bundle.unit-test";
		};
		4F12085A25109C8300AD1B34 /* AppleCalculatorUITests */ = {
			isa = PBXNativeTarget;
			buildConfigurationList = 4F12086A25109C8300AD1B34 /* Build configuration list for PBXNativeTarget "AppleCalculatorUITests" */;
			buildPhases = (
				4F12085725109C8300AD1B34 /* Sources */,
				4F12085825109C8300AD1B34 /* Frameworks */,
				4F12085925109C8300AD1B34 /* Resources */,
			);
			buildRules = (
			);
			dependencies = (
				4F12085D25109C8300AD1B34 /* PBXTargetDependency */,
			);
			name = AppleCalculatorUITests;
			productName = level2UITests;
			productReference = 4F12085B25109C8300AD1B34 /* AppleCalculatorUITests.xctest */;
			productType = "com.apple.product-type.bundle.ui-testing";
		};
/* End PBXNativeTarget section */

/* Begin PBXProject section */
		4F12083225109C7E00AD1B34 /* Project object */ = {
			isa = PBXProject;
			attributes = {
				LastSwiftUpdateCheck = 1140;
				LastUpgradeCheck = 1140;
				ORGANIZATIONNAME = "Ahmed Shoman";
				TargetAttributes = {
					4F12083925109C7E00AD1B34 = {
						CreatedOnToolsVersion = 11.4;
					};
					4F12084F25109C8300AD1B34 = {
						CreatedOnToolsVersion = 11.4;
						TestTargetID = 4F12083925109C7E00AD1B34;
					};
					4F12085A25109C8300AD1B34 = {
						CreatedOnToolsVersion = 11.4;
						TestTargetID = 4F12083925109C7E00AD1B34;
					};
				};
			};
			buildConfigurationList = 4F12083525109C7E00AD1B34 /* Build configuration list for PBXProject "AppleCalculator" */;
			compatibilityVersion = "Xcode 9.3";
			developmentRegion = en;
			hasScannedForEncodings = 0;
			knownRegions = (
				en,
				Base,
			);
			mainGroup = 4F12083125109C7E00AD1B34;
			productRefGroup = 4F12083B25109C7E00AD1B34 /* Products */;
			projectDirPath = "";
			projectRoot = "";
			targets = (
				4F12083925109C7E00AD1B34 /* AppleCalculator */,
				4F12084F25109C8300AD1B34 /* AppleCalculatorTests */,
				4F12085A25109C8300AD1B34 /* AppleCalculatorUITests */,
			);
		};
/* End PBXProject section */

/* Begin PBXResourcesBuildPhase section */
		4F12083825109C7E00AD1B34 /* Resources */ = {
			isa = PBXResourcesBuildPhase;
			buildActionMask = 2147483647;
			files = (
				4FE26650251253AD00E16D42 /* second.storyboard in Resources */,
				4F12084A25109C8200AD1B34 /* LaunchScreen.storyboard in Resources */,
				4F12084725109C8200AD1B34 /* Assets.xcassets in Resources */,
				4F12084525109C7E00AD1B34 /* Main.storyboard in Resources */,
			);
			runOnlyForDeploymentPostprocessing = 0;
		};
		4F12084E25109C8300AD1B34 /* Resources */ = {
			isa = PBXResourcesBuildPhase;
			buildActionMask = 2147483647;
			files = (
			);
			runOnlyForDeploymentPostprocessing = 0;
		};
		4F12085925109C8300AD1B34 /* Resources */ = {
			isa = PBXResourcesBuildPhase;
			buildActionMask = 2147483647;
			files = (
			);
			runOnlyForDeploymentPostprocessing = 0;
		};
/* End PBXResourcesBuildPhase section */

/* Begin PBXSourcesBuildPhase section */
		4F12083625109C7E00AD1B34 /* Sources */ = {
			isa = PBXSourcesBuildPhase;
			buildActionMask = 2147483647;
			files = (
				4F12084225109C7E00AD1B34 /* ViewController.swift in Sources */,
				4F12083E25109C7E00AD1B34 /* AppDelegate.swift in Sources */,
				4F12084025109C7E00AD1B34 /* SceneDelegate.swift in Sources */,
			);
			runOnlyForDeploymentPostprocessing = 0;
		};
		4F12084C25109C8300AD1B34 /* Sources */ = {
			isa = PBXSourcesBuildPhase;
			buildActionMask = 2147483647;
			files = (
				4F12085525109C8300AD1B34 /* level2Tests.swift in Sources */,
			);
			runOnlyForDeploymentPostprocessing = 0;
		};
		4F12085725109C8300AD1B34 /* Sources */ = {
			isa = PBXSourcesBuildPhase;
			buildActionMask = 2147483647;
			files = (
				4F12086025109C8300AD1B34 /* level2UITests.swift in Sources */,
			);
			runOnlyForDeploymentPostprocessing = 0;
		};
/* End PBXSourcesBuildPhase section */

/* Begin PBXTargetDependency section */
		4F12085225109C8300AD1B34 /* PBXTargetDependency */ = {
			isa = PBXTargetDependency;
			target = 4F12083925109C7E00AD1B34 /* AppleCalculator */;
			targetProxy = 4F12085125109C8300AD1B34 /* PBXContainerItemProxy */;
		};
		4F12085D25109C8300AD1B34 /* PBXTargetDependency */ = {
			isa = PBXTargetDependency;
			target = 4F12083925109C7E00AD1B34 /* AppleCalculator */;
			targetProxy = 4F12085C25109C8300AD1B34 /* PBXContainerItemProxy */;
		};
/* End PBXTargetDependency section */

/* Begin PBXVariantGroup section */
		4F12084325109C7E00AD1B34 /* Main.storyboard */ = {
			isa = PBXVariantGroup;
			children = (
				4F12084425109C7E00AD1B34 /* Base */,
			);
			name = Main.storyboard;
			sourceTree = "<group>";
		};
		4F12084825109C8200AD1B34 /* LaunchScreen.storyboard */ = {
			isa = PBXVariantGroup;
			children = (
				4F12084925109C8200AD1B34 /* Base */,
			);
			name = LaunchScreen.storyboard;
			sourceTree = "<group>";
		};
/* End PBXVariantGroup section */

/* Begin XCBuildConfiguration section */
		4F12086225109C8300AD1B34 /* Debug */ = {
			isa = XCBuildConfiguration;
			buildSettings = {
				ALWAYS_SEARCH_USER_PATHS = NO;
				CLANG_ANALYZER_NONNULL = YES;
				CLANG_ANALYZER_NUMBER_OBJECT_CONVERSION = YES_AGGRESSIVE;
				CLANG_CXX_LANGUAGE_STANDARD = "gnu++14";
				CLANG_CXX_LIBRARY = "libc++";
				CLANG_ENABLE_MODULES = YES;
				CLANG_ENABLE_OBJC_ARC = YES;
				CLANG_ENABLE_OBJC_WEAK = YES;
				CLANG_WARN_BLOCK_CAPTURE_AUTORELEASING = YES;
				CLANG_WARN_BOOL_CONVERSION = YES;
				CLANG_WARN_COMMA = YES;
				CLANG_WARN_CONSTANT_CONVERSION = YES;
				CLANG_WARN_DEPRECATED_OBJC_IMPLEMENTATIONS = YES;
				CLANG_WARN_DIRECT_OBJC_ISA_USAGE = YES_ERROR;
				CLANG_WARN_DOCUMENTATION_COMMENTS = YES;
				CLANG_WARN_EMPTY_BODY = YES;
				CLANG_WARN_ENUM_CONVERSION = YES;
				CLANG_WARN_INFINITE_RECURSION = YES;
				CLANG_WARN_INT_CONVERSION = YES;
				CLANG_WARN_NON_LITERAL_NULL_CONVERSION = YES;
				CLANG_WARN_OBJC_IMPLICIT_RETAIN_SELF = YES;
				CLANG_WARN_OBJC_LITERAL_CONVERSION = YES;
				CLANG_WARN_OBJC_ROOT_CLASS = YES_ERROR;
				CLANG_WARN_RANGE_LOOP_ANALYSIS = YES;
				CLANG_WARN_STRICT_PROTOTYPES = YES;
				CLANG_WARN_SUSPICIOUS_MOVE = YES;
				CLANG_WARN_UNGUARDED_AVAILABILITY = YES_AGGRESSIVE;
				CLANG_WARN_UNREACHABLE_CODE = YES;
				CLANG_WARN__DUPLICATE_METHOD_MATCH = YES;
				COPY_PHASE_STRIP = NO;
				DEBUG_INFORMATION_FORMAT = dwarf;
				ENABLE_STRICT_OBJC_MSGSEND = YES;
				ENABLE_TESTABILITY = YES;
				GCC_C_LANGUAGE_STANDARD = gnu11;
				GCC_DYNAMIC_NO_PIC = NO;
				GCC_NO_COMMON_BLOCKS = YES;
				GCC_OPTIMIZATION_LEVEL = 0;
				GCC_PREPROCESSOR_DEFINITIONS = (
					"DEBUG=1",
					"$(inherited)",
				);
				GCC_WARN_64_TO_32_BIT_CONVERSION = YES;
				GCC_WARN_ABOUT_RETURN_TYPE = YES_ERROR;
				GCC_WARN_UNDECLARED_SELECTOR = YES;
				GCC_WARN_UNINITIALIZED_AUTOS = YES_AGGRESSIVE;
				GCC_WARN_UNUSED_FUNCTION = YES;
				GCC_WARN_UNUSED_VARIABLE = YES;
				IPHONEOS_DEPLOYMENT_TARGET = 13.4;
				MTL_ENABLE_DEBUG_INFO = INCLUDE_SOURCE;
				MTL_FAST_MATH = YES;
				ONLY_ACTIVE_ARCH = YES;
				SDKROOT = iphoneos;
				SWIFT_ACTIVE_COMPILATION_CONDITIONS = DEBUG;
				SWIFT_OPTIMIZATION_LEVEL = "-Onone";
			};
			name = Debug;
		};
		4F12086325109C8300AD1B34 /* Release */ = {
			isa = XCBuildConfiguration;
			buildSettings = {
				ALWAYS_SEARCH_USER_PATHS = NO;
				CLANG_ANALYZER_NONNULL = YES;
				CLANG_ANALYZER_NUMBER_OBJECT_CONVERSION = YES_AGGRESSIVE;
				CLANG_CXX_LANGUAGE_STANDARD = "gnu++14";
				CLANG_CXX_LIBRARY = "libc++";
				CLANG_ENABLE_MODULES = YES;
				CLANG_ENABLE_OBJC_ARC = YES;
				CLANG_ENABLE_OBJC_WEAK = YES;
				CLANG_WARN_BLOCK_CAPTURE_AUTORELEASING = YES;
				CLANG_WARN_BOOL_CONVERSION = YES;
				CLANG_WARN_COMMA = YES;
				CLANG_WARN_CONSTANT_CONVERSION = YES;
				CLANG_WARN_DEPRECATED_OBJC_IMPLEMENTATIONS = YES;
				CLANG_WARN_DIRECT_OBJC_ISA_USAGE = YES_ERROR;
				CLANG_WARN_DOCUMENTATION_COMMENTS = YES;
				CLANG_WARN_EMPTY_BODY = YES;
				CLANG_WARN_ENUM_CONVERSION = YES;
				CLANG_WARN_INFINITE_RECURSION = YES;
				CLANG_WARN_INT_CONVERSION = YES;
				CLANG_WARN_NON_LITERAL_NULL_CONVERSION = YES;
				CLANG_WARN_OBJC_IMPLICIT_RETAIN_SELF = YES;
				CLANG_WARN_OBJC_LITERAL_CONVERSION = YES;
				CLANG_WARN_OBJC_ROOT_CLASS = YES_ERROR;
				CLANG_WARN_RANGE_LOOP_ANALYSIS = YES;
				CLANG_WARN_STRICT_PROTOTYPES = YES;
				CLANG_WARN_SUSPICIOUS_MOVE = YES;
				CLANG_WARN_UNGUARDED_AVAILABILITY = YES_AGGRESSIVE;
				CLANG_WARN_UNREACHABLE_CODE = YES;
				CLANG_WARN__DUPLICATE_METHOD_MATCH = YES;
				COPY_PHASE_STRIP = NO;
				DEBUG_INFORMATION_FORMAT = "dwarf-with-dsym";
				ENABLE_NS_ASSERTIONS = NO;
				ENABLE_STRICT_OBJC_MSGSEND = YES;
				GCC_C_LANGUAGE_STANDARD = gnu11;
				GCC_NO_COMMON_BLOCKS = YES;
				GCC_WARN_64_TO_32_BIT_CONVERSION = YES;
				GCC_WARN_ABOUT_RETURN_TYPE = YES_ERROR;
				GCC_WARN_UNDECLARED_SELECTOR = YES;
				GCC_WARN_UNINITIALIZED_AUTOS = YES_AGGRESSIVE;
				GCC_WARN_UNUSED_FUNCTION = YES;
				GCC_WARN_UNUSED_VARIABLE = YES;
				IPHONEOS_DEPLOYMENT_TARGET = 13.4;
				MTL_ENABLE_DEBUG_INFO = NO;
				MTL_FAST_MATH = YES;
				SDKROOT = iphoneos;
				SWIFT_COMPILATION_MODE = wholemodule;
				SWIFT_OPTIMIZATION_LEVEL = "-O";
				VALIDATE_PRODUCT = YES;
			};
			name = Release;
		};
		4F12086525109C8300AD1B34 /* Debug */ = {
			isa = XCBuildConfiguration;
			buildSettings = {
				ASSETCATALOG_COMPILER_APPICON_NAME = AppIcon;
				CODE_SIGN_STYLE = Automatic;
				INFOPLIST_FILE = level2/Info.plist;
				LD_RUNPATH_SEARCH_PATHS = (
					"$(inherited)",
					"@executable_path/Frameworks",
				);
				PRODUCT_BUNDLE_IDENTIFIER = shoman.level2;
				PRODUCT_NAME = AppleCalculator;
				SWIFT_VERSION = 5.0;
				TARGETED_DEVICE_FAMILY = "1,2";
			};
			name = Debug;
		};
		4F12086625109C8300AD1B34 /* Release */ = {
			isa = XCBuildConfiguration;
			buildSettings = {
				ASSETCATALOG_COMPILER_APPICON_NAME = AppIcon;
				CODE_SIGN_STYLE = Automatic;
				INFOPLIST_FILE = level2/Info.plist;
				LD_RUNPATH_SEARCH_PATHS = (
					"$(inherited)",
					"@executable_path/Frameworks",
				);
				PRODUCT_BUNDLE_IDENTIFIER = shoman.level2;
				PRODUCT_NAME = AppleCalculator;
				SWIFT_VERSION = 5.0;
				TARGETED_DEVICE_FAMILY = "1,2";
			};
			name = Release;
		};
		4F12086825109C8300AD1B34 /* Debug */ = {
			isa = XCBuildConfiguration;
			buildSettings = {
				ALWAYS_EMBED_SWIFT_STANDARD_LIBRARIES = YES;
				BUNDLE_LOADER = "$(TEST_HOST)";
				CODE_SIGN_STYLE = Automatic;
				INFOPLIST_FILE = level2Tests/Info.plist;
				IPHONEOS_DEPLOYMENT_TARGET = 13.4;
				LD_RUNPATH_SEARCH_PATHS = (
					"$(inherited)",
					"@executable_path/Frameworks",
					"@loader_path/Frameworks",
				);
				PRODUCT_BUNDLE_IDENTIFIER = shoman.level2Tests;
				PRODUCT_NAME = "$(TARGET_NAME)";
				SWIFT_VERSION = 5.0;
				TARGETED_DEVICE_FAMILY = "1,2";
				TEST_HOST = "$(BUILT_PRODUCTS_DIR)/AppleCalculator.app/AppleCalculator";
			};
			name = Debug;
		};
		4F12086925109C8300AD1B34 /* Release */ = {
			isa = XCBuildConfiguration;
			buildSettings = {
				ALWAYS_EMBED_SWIFT_STANDARD_LIBRARIES = YES;
				BUNDLE_LOADER = "$(TEST_HOST)";
				CODE_SIGN_STYLE = Automatic;
				INFOPLIST_FILE = level2Tests/Info.plist;
				IPHONEOS_DEPLOYMENT_TARGET = 13.4;
				LD_RUNPATH_SEARCH_PATHS = (
					"$(inherited)",
					"@executable_path/Frameworks",
					"@loader_path/Frameworks",
				);
				PRODUCT_BUNDLE_IDENTIFIER = shoman.level2Tests;
				PRODUCT_NAME = "$(TARGET_NAME)";
				SWIFT_VERSION = 5.0;
				TARGETED_DEVICE_FAMILY = "1,2";
				TEST_HOST = "$(BUILT_PRODUCTS_DIR)/AppleCalculator.app/AppleCalculator";
			};
			name = Release;
		};
		4F12086B25109C8300AD1B34 /* Debug */ = {
			isa = XCBuildConfiguration;
			buildSettings = {
				ALWAYS_EMBED_SWIFT_STANDARD_LIBRARIES = YES;
				CODE_SIGN_STYLE = Automatic;
				INFOPLIST_FILE = level2UITests/Info.plist;
				LD_RUNPATH_SEARCH_PATHS = (
					"$(inherited)",
					"@executable_path/Frameworks",
					"@loader_path/Frameworks",
				);
				PRODUCT_BUNDLE_IDENTIFIER = shoman.level2UITests;
				PRODUCT_NAME = "$(TARGET_NAME)";
				SWIFT_VERSION = 5.0;
				TARGETED_DEVICE_FAMILY = "1,2";
				TEST_TARGET_NAME = level2;
			};
			name = Debug;
		};
		4F12086C25109C8300AD1B34 /* Release */ = {
			isa = XCBuildConfiguration;
			buildSettings = {
				ALWAYS_EMBED_SWIFT_STANDARD_LIBRARIES = YES;
				CODE_SIGN_STYLE = Automatic;
				INFOPLIST_FILE = level2UITests/Info.plist;
				LD_RUNPATH_SEARCH_PATHS = (
					"$(inherited)",
					"@executable_path/Frameworks",
					"@loader_path/Frameworks",
				);
				PRODUCT_BUNDLE_IDENTIFIER = shoman.level2UITests;
				PRODUCT_NAME = "$(TARGET_NAME)";
				SWIFT_VERSION = 5.0;
				TARGETED_DEVICE_FAMILY = "1,2";
				TEST_TARGET_NAME = level2;
			};
			name = Release;
		};
/* End XCBuildConfiguration section */

/* Begin XCConfigurationList section */
		4F12083525109C7E00AD1B34 /* Build configuration list for PBXProject "AppleCalculator" */ = {
			isa = XCConfigurationList;
			buildConfigurations = (
				4F12086225109C8300AD1B34 /* Debug */,
				4F12086325109C8300AD1B34 /* Release */,
			);
			defaultConfigurationIsVisible = 0;
			defaultConfigurationName = Release;
		};
		4F12086425109C8300AD1B34 /* Build configuration list for PBXNativeTarget "AppleCalculator" */ = {
			isa = XCConfigurationList;
			buildConfigurations = (
				4F12086525109C8300AD1B34 /* Debug */,
				4F12086625109C8300AD1B34 /* Release */,
			);
			defaultConfigurationIsVisible = 0;
			defaultConfigurationName = Release;
		};
		4F12086725109C8300AD1B34 /* Build configuration list for PBXNativeTarget "AppleCalculatorTests" */ = {
			isa = XCConfigurationList;
			buildConfigurations = (
				4F12086825109C8300AD1B34 /* Debug */,
				4F12086925109C8300AD1B34 /* Release */,
			);
			defaultConfigurationIsVisible = 0;
			defaultConfigurationName = Release;
		};
		4F12086A25109C8300AD1B34 /* Build configuration list for PBXNativeTarget "AppleCalculatorUITests" */ = {
			isa = XCConfigurationList;
			buildConfigurations = (
				4F12086B25109C8300AD1B34 /* Debug */,
				4F12086C25109C8300AD1B34 /* Release */,
			);
			defaultConfigurationIsVisible = 0;
			defaultConfigurationName = Release;
		};
/* End XCConfigurationList section */
	};
	rootObject = 4F12083225109C7E00AD1B34 /* Project object */;
}
